{
  "name": "ipgeo-api",
  "version": "0.1.0",
  "lockfileVersion": 3,
  "requires": true,
  "packages": {
    "": {
      "name": "ipgeo-api",
      "version": "0.1.0",
      "license": "MIT",
      "dependencies": {
        "ipgeo-api": "^0.1.0"
      },
      "engines": {
        "node": ">=16"
      }
    },
    "node_modules/ipgeo-api": {
      "version": "0.1.0",
      "resolved": "https://registry.npmjs.org/ipgeo-api/-/ipgeo-api-0.1.0.tgz",
      "integrity": "sha512-Le6SPmNhBbYL+oBKxkLpL7odPJaCieGnmJFgk2b4bEg9wnmbdre+tCqbjOjJCUxka6XsSneebqEACiMJD08Q0A==",
      "license": "MIT",
      "engines": {
        "node": ">=16"
      }
    }
  }
}
